
Microsoft Visual Studio Solution File, Format Version 12.00
# Visual Studio Version 17
VisualStudioVersion = 17.14.36301.6 d17.14
MinimumVisualStudioVersion = 10.0.40219.1
Project("{FAE04EC0-301F-11D3-BF4B-00C04F79EFBC}") = "VectorDB_RAG", "VectorDB_RAG\VectorDB_RAG.csproj", "{63B69B0A-1404-47C9-BCC7-6D292F534235}"
EndProject
Global
	GlobalSection(SolutionConfigurationPlatforms) = preSolution
		Debug|Any CPU = Debug|Any CPU
		Release|Any CPU = Release|Any CPU
	EndGlobalSection
	GlobalSection(ProjectConfigurationPlatforms) = postSolution
		{63B69B0A-1404-47C9-BCC7-6D292F534235}.Debug|Any CPU.ActiveCfg = Debug|Any CPU
		{63B69B0A-1404-47C9-BCC7-6D292F534235}.Debug|Any CPU.Build.0 = Debug|Any CPU
		{63B69B0A-1404-47C9-BCC7-6D292F534235}.Release|Any CPU.ActiveCfg = Release|Any CPU
		{63B69B0A-1404-47C9-BCC7-6D292F534235}.Release|Any CPU.Build.0 = Release|Any CPU
	EndGlobalSection
	GlobalSection(SolutionProperties) = preSolution
		HideSolutionNode = FALSE
	EndGlobalSection
	GlobalSection(ExtensibilityGlobals) = postSolution
		SolutionGuid = {65F48A69-B50C-4A42-8D8B-98F7DA43A172}
	EndGlobalSection
EndGlobal
