
Microsoft Visual Studio Solution File, Format Version 12.00
# Visual Studio Version 17
VisualStudioVersion = 17.14.36301.6 d17.14
MinimumVisualStudioVersion = 10.0.40219.1
Project("{FAE04EC0-301F-11D3-BF4B-00C04F79EFBC}") = "LLMRouter", "LLMRouter\LLMRouter.csproj", "{115CB2B1-6358-4FE3-9E56-FC14AE6B04BC}"
EndProject
Global
	GlobalSection(SolutionConfigurationPlatforms) = preSolution
		Debug|Any CPU = Debug|Any CPU
		Release|Any CPU = Release|Any CPU
	EndGlobalSection
	GlobalSection(ProjectConfigurationPlatforms) = postSolution
		{115CB2B1-6358-4FE3-9E56-FC14AE6B04BC}.Debug|Any CPU.ActiveCfg = Debug|Any CPU
		{115CB2B1-6358-4FE3-9E56-FC14AE6B04BC}.Debug|Any CPU.Build.0 = Debug|Any CPU
		{115CB2B1-6358-4FE3-9E56-FC14AE6B04BC}.Release|Any CPU.ActiveCfg = Release|Any CPU
		{115CB2B1-6358-4FE3-9E56-FC14AE6B04BC}.Release|Any CPU.Build.0 = Release|Any CPU
	EndGlobalSection
	GlobalSection(SolutionProperties) = preSolution
		HideSolutionNode = FALSE
	EndGlobalSection
	GlobalSection(ExtensibilityGlobals) = postSolution
		SolutionGuid = {A621B3BA-E9ED-4F48-B481-509B78607B67}
	EndGlobalSection
EndGlobal
