
Microsoft Visual Studio Solution File, Format Version 12.00
# Visual Studio Version 17
VisualStudioVersion = 17.14.36301.6 d17.14
MinimumVisualStudioVersion = 10.0.40219.1
Project("{FAE04EC0-301F-11D3-BF4B-00C04F79EFBC}") = "MulltiAgentSementicKernal", "MulltiAgentSementicKernal\MulltiAgentSementicKernal.csproj", "{81493E8D-8488-4E1C-B153-8CC126DF3D14}"
EndProject
Project("{FAE04EC0-301F-11D3-BF4B-00C04F79EFBC}") = "MultiAgentOrchUsingSementicKernal", "MultiAgentOrchUsingSementicKernal\MultiAgentOrchUsingSementicKernal.csproj", "{16A0E4AE-6B9B-4228-9C63-BA05A04B67DE}"
EndProject
Global
	GlobalSection(SolutionConfigurationPlatforms) = preSolution
		Debug|Any CPU = Debug|Any CPU
		Release|Any CPU = Release|Any CPU
	EndGlobalSection
	GlobalSection(ProjectConfigurationPlatforms) = postSolution
		{81493E8D-8488-4E1C-B153-8CC126DF3D14}.Debug|Any CPU.ActiveCfg = Debug|Any CPU
		{81493E8D-8488-4E1C-B153-8CC126DF3D14}.Debug|Any CPU.Build.0 = Debug|Any CPU
		{81493E8D-8488-4E1C-B153-8CC126DF3D14}.Release|Any CPU.ActiveCfg = Release|Any CPU
		{81493E8D-8488-4E1C-B153-8CC126DF3D14}.Release|Any CPU.Build.0 = Release|Any CPU
		{16A0E4AE-6B9B-4228-9C63-BA05A04B67DE}.Debug|Any CPU.ActiveCfg = Debug|Any CPU
		{16A0E4AE-6B9B-4228-9C63-BA05A04B67DE}.Debug|Any CPU.Build.0 = Debug|Any CPU
		{16A0E4AE-6B9B-4228-9C63-BA05A04B67DE}.Release|Any CPU.ActiveCfg = Release|Any CPU
		{16A0E4AE-6B9B-4228-9C63-BA05A04B67DE}.Release|Any CPU.Build.0 = Release|Any CPU
	EndGlobalSection
	GlobalSection(SolutionProperties) = preSolution
		HideSolutionNode = FALSE
	EndGlobalSection
	GlobalSection(ExtensibilityGlobals) = postSolution
		SolutionGuid = {C49B3F11-395D-4FC8-A0A7-A03CA3D9A197}
	EndGlobalSection
EndGlobal
