
Microsoft Visual Studio Solution File, Format Version 12.00
# Visual Studio Version 17
VisualStudioVersion = 17.14.36301.6 d17.14
MinimumVisualStudioVersion = 10.0.40219.1
Project("{FAE04EC0-301F-11D3-BF4B-00C04F79EFBC}") = "EmpAssistanceAgent_RandWTool", "EmpAssistanceAgent_RandWTool\EmpAssistanceAgent_RandWTool.csproj", "{4E8AAD9B-D884-4C18-8286-59969294704B}"
EndProject
Global
	GlobalSection(SolutionConfigurationPlatforms) = preSolution
		Debug|Any CPU = Debug|Any CPU
		Release|Any CPU = Release|Any CPU
	EndGlobalSection
	GlobalSection(ProjectConfigurationPlatforms) = postSolution
		{4E8AAD9B-D884-4C18-8286-59969294704B}.Debug|Any CPU.ActiveCfg = Debug|Any CPU
		{4E8AAD9B-D884-4C18-8286-59969294704B}.Debug|Any CPU.Build.0 = Debug|Any CPU
		{4E8AAD9B-D884-4C18-8286-59969294704B}.Release|Any CPU.ActiveCfg = Release|Any CPU
		{4E8AAD9B-D884-4C18-8286-59969294704B}.Release|Any CPU.Build.0 = Release|Any CPU
	EndGlobalSection
	GlobalSection(SolutionProperties) = preSolution
		HideSolutionNode = FALSE
	EndGlobalSection
	GlobalSection(ExtensibilityGlobals) = postSolution
		SolutionGuid = {87D2A699-5839-40D0-978D-78253FDC2F52}
	EndGlobalSection
EndGlobal
