
Microsoft Visual Studio Solution File, Format Version 12.00
# Visual Studio Version 17
VisualStudioVersion = 17.14.36301.6
MinimumVisualStudioVersion = 10.0.40219.1
Project("{FAE04EC0-301F-11D3-BF4B-00C04F79EFBC}") = "OpenAIChatWithMemory", "OpenAIChatWithMemory\OpenAIChatWithMemory.csproj", "{28BE6909-81DC-49F7-89C7-73E66CAFC63F}"
EndProject
Project("{FAE04EC0-301F-11D3-BF4B-00C04F79EFBC}") = "ChatWithMemoryAndConversionId", "..\ChatWithMemoryAndConversionId\ChatWithMemoryAndConversionId.csproj", "{9DF5A070-EAC2-4637-8D79-97E664FAB9E9}"
EndProject
Global
	GlobalSection(SolutionConfigurationPlatforms) = preSolution
		Debug|Any CPU = Debug|Any CPU
		Release|Any CPU = Release|Any CPU
	EndGlobalSection
	GlobalSection(ProjectConfigurationPlatforms) = postSolution
		{28BE6909-81DC-49F7-89C7-73E66CAFC63F}.Debug|Any CPU.ActiveCfg = Debug|Any CPU
		{28BE6909-81DC-49F7-89C7-73E66CAFC63F}.Debug|Any CPU.Build.0 = Debug|Any CPU
		{28BE6909-81DC-49F7-89C7-73E66CAFC63F}.Release|Any CPU.ActiveCfg = Release|Any CPU
		{28BE6909-81DC-49F7-89C7-73E66CAFC63F}.Release|Any CPU.Build.0 = Release|Any CPU
		{9DF5A070-EAC2-4637-8D79-97E664FAB9E9}.Debug|Any CPU.ActiveCfg = Debug|Any CPU
		{9DF5A070-EAC2-4637-8D79-97E664FAB9E9}.Debug|Any CPU.Build.0 = Debug|Any CPU
		{9DF5A070-EAC2-4637-8D79-97E664FAB9E9}.Release|Any CPU.ActiveCfg = Release|Any CPU
		{9DF5A070-EAC2-4637-8D79-97E664FAB9E9}.Release|Any CPU.Build.0 = Release|Any CPU
	EndGlobalSection
	GlobalSection(SolutionProperties) = preSolution
		HideSolutionNode = FALSE
	EndGlobalSection
	GlobalSection(ExtensibilityGlobals) = postSolution
		SolutionGuid = {F626A006-3174-4B0C-8D2B-80B40481D8D3}
	EndGlobalSection
EndGlobal
