
Microsoft Visual Studio Solution File, Format Version 12.00
# Visual Studio Version 17
VisualStudioVersion = 17.14.36301.6
MinimumVisualStudioVersion = 10.0.40219.1
Project("{FAE04EC0-301F-11D3-BF4B-00C04F79EFBC}") = "RAGApp_testCases", "RAGApp\RAGApp_testCases.csproj", "{0D906D3B-DB99-4F93-90EB-03782835CA69}"
EndProject
Global
	GlobalSection(SolutionConfigurationPlatforms) = preSolution
		Debug|Any CPU = Debug|Any CPU
		Release|Any CPU = Release|Any CPU
	EndGlobalSection
	GlobalSection(ProjectConfigurationPlatforms) = postSolution
		{0D906D3B-DB99-4F93-90EB-03782835CA69}.Debug|Any CPU.ActiveCfg = Debug|Any CPU
		{0D906D3B-DB99-4F93-90EB-03782835CA69}.Debug|Any CPU.Build.0 = Debug|Any CPU
		{0D906D3B-DB99-4F93-90EB-03782835CA69}.Release|Any CPU.ActiveCfg = Release|Any CPU
		{0D906D3B-DB99-4F93-90EB-03782835CA69}.Release|Any CPU.Build.0 = Release|Any CPU
	EndGlobalSection
	GlobalSection(SolutionProperties) = preSolution
		HideSolutionNode = FALSE
	EndGlobalSection
	GlobalSection(ExtensibilityGlobals) = postSolution
		SolutionGuid = {CC457FAE-0725-4C8F-A557-076E317847DD}
	EndGlobalSection
EndGlobal
