
Microsoft Visual Studio Solution File, Format Version 12.00
# Visual Studio Version 17
VisualStudioVersion = 17.14.36301.6 d17.14
MinimumVisualStudioVersion = 10.0.40219.1
Project("{FAE04EC0-301F-11D3-BF4B-00C04F79EFBC}") = "CRAGQuestionGenerator", "CRAGQuestionGenerator\CRAGQuestionGenerator.csproj", "{583DC0C1-7B50-4113-AC0D-2ED502BAD10B}"
EndProject
Project("{FAE04EC0-301F-11D3-BF4B-00C04F79EFBC}") = "CRAGComparision", "..\CRAGComparision\CRAGComparision.csproj", "{B432DA9B-7B5D-4FB8-8285-0EE3C327F522}"
EndProject
Global
	GlobalSection(SolutionConfigurationPlatforms) = preSolution
		Debug|Any CPU = Debug|Any CPU
		Release|Any CPU = Release|Any CPU
	EndGlobalSection
	GlobalSection(ProjectConfigurationPlatforms) = postSolution
		{583DC0C1-7B50-4113-AC0D-2ED502BAD10B}.Debug|Any CPU.ActiveCfg = Debug|Any CPU
		{583DC0C1-7B50-4113-AC0D-2ED502BAD10B}.Debug|Any CPU.Build.0 = Debug|Any CPU
		{583DC0C1-7B50-4113-AC0D-2ED502BAD10B}.Release|Any CPU.ActiveCfg = Release|Any CPU
		{583DC0C1-7B50-4113-AC0D-2ED502BAD10B}.Release|Any CPU.Build.0 = Release|Any CPU
		{B432DA9B-7B5D-4FB8-8285-0EE3C327F522}.Debug|Any CPU.ActiveCfg = Debug|Any CPU
		{B432DA9B-7B5D-4FB8-8285-0EE3C327F522}.Debug|Any CPU.Build.0 = Debug|Any CPU
		{B432DA9B-7B5D-4FB8-8285-0EE3C327F522}.Release|Any CPU.ActiveCfg = Release|Any CPU
		{B432DA9B-7B5D-4FB8-8285-0EE3C327F522}.Release|Any CPU.Build.0 = Release|Any CPU
	EndGlobalSection
	GlobalSection(SolutionProperties) = preSolution
		HideSolutionNode = FALSE
	EndGlobalSection
	GlobalSection(ExtensibilityGlobals) = postSolution
		SolutionGuid = {1BA8D796-B24D-4C6E-ADE1-0758C33B776F}
	EndGlobalSection
EndGlobal
