
Microsoft Visual Studio Solution File, Format Version 12.00
# Visual Studio Version 17
VisualStudioVersion = 17.14.36301.6 d17.14
MinimumVisualStudioVersion = 10.0.40219.1
Project("{FAE04EC0-301F-11D3-BF4B-00C04F79EFBC}") = "RAG_GoldenDataset", "RAG_GoldenDataset\RAG_GoldenDataset.csproj", "{D90C22E0-130F-4934-81D0-ECF3674325C1}"
EndProject
Global
	GlobalSection(SolutionConfigurationPlatforms) = preSolution
		Debug|Any CPU = Debug|Any CPU
		Release|Any CPU = Release|Any CPU
	EndGlobalSection
	GlobalSection(ProjectConfigurationPlatforms) = postSolution
		{D90C22E0-130F-4934-81D0-ECF3674325C1}.Debug|Any CPU.ActiveCfg = Debug|Any CPU
		{D90C22E0-130F-4934-81D0-ECF3674325C1}.Debug|Any CPU.Build.0 = Debug|Any CPU
		{D90C22E0-130F-4934-81D0-ECF3674325C1}.Release|Any CPU.ActiveCfg = Release|Any CPU
		{D90C22E0-130F-4934-81D0-ECF3674325C1}.Release|Any CPU.Build.0 = Release|Any CPU
	EndGlobalSection
	GlobalSection(SolutionProperties) = preSolution
		HideSolutionNode = FALSE
	EndGlobalSection
	GlobalSection(ExtensibilityGlobals) = postSolution
		SolutionGuid = {BA5261CF-2C6C-489A-AC1C-49B7F12D3E3F}
	EndGlobalSection
EndGlobal
