
Microsoft Visual Studio Solution File, Format Version 12.00
# Visual Studio Version 17
VisualStudioVersion = 17.14.36301.6
MinimumVisualStudioVersion = 10.0.40219.1
Project("{FAE04EC0-301F-11D3-BF4B-00C04F79EFBC}") = "OpenRouter", "ConsoleApp1\OpenRouter.csproj", "{DBE16EBA-7D2A-464D-84C6-B920AACDE811}"
EndProject
Global
	GlobalSection(SolutionConfigurationPlatforms) = preSolution
		Debug|Any CPU = Debug|Any CPU
		Release|Any CPU = Release|Any CPU
	EndGlobalSection
	GlobalSection(ProjectConfigurationPlatforms) = postSolution
		{DBE16EBA-7D2A-464D-84C6-B920AACDE811}.Debug|Any CPU.ActiveCfg = Debug|Any CPU
		{DBE16EBA-7D2A-464D-84C6-B920AACDE811}.Debug|Any CPU.Build.0 = Debug|Any CPU
		{DBE16EBA-7D2A-464D-84C6-B920AACDE811}.Release|Any CPU.ActiveCfg = Release|Any CPU
		{DBE16EBA-7D2A-464D-84C6-B920AACDE811}.Release|Any CPU.Build.0 = Release|Any CPU
	EndGlobalSection
	GlobalSection(SolutionProperties) = preSolution
		HideSolutionNode = FALSE
	EndGlobalSection
	GlobalSection(ExtensibilityGlobals) = postSolution
		SolutionGuid = {47AD4095-D5B3-4D16-B5D4-2BEA4FAF1D6E}
	EndGlobalSection
EndGlobal
