
Microsoft Visual Studio Solution File, Format Version 12.00
# Visual Studio Version 17
VisualStudioVersion = 17.14.36301.6
MinimumVisualStudioVersion = 10.0.40219.1
Project("{FAE04EC0-301F-11D3-BF4B-00C04F79EFBC}") = "RAGCosineSimilarity", "RAGCosineSimilarity\RAGCosineSimilarity.csproj", "{C4006E51-F0C6-47A5-B9A1-D8D31222783D}"
EndProject
Project("{FAE04EC0-301F-11D3-BF4B-00C04F79EFBC}") = "RagCompare", "RagCompare\RagCompare.csproj", "{46DEB857-3C82-47A7-92E2-7E0C016C9198}"
EndProject
Global
	GlobalSection(SolutionConfigurationPlatforms) = preSolution
		Debug|Any CPU = Debug|Any CPU
		Release|Any CPU = Release|Any CPU
	EndGlobalSection
	GlobalSection(ProjectConfigurationPlatforms) = postSolution
		{C4006E51-F0C6-47A5-B9A1-D8D31222783D}.Debug|Any CPU.ActiveCfg = Debug|Any CPU
		{C4006E51-F0C6-47A5-B9A1-D8D31222783D}.Debug|Any CPU.Build.0 = Debug|Any CPU
		{C4006E51-F0C6-47A5-B9A1-D8D31222783D}.Release|Any CPU.ActiveCfg = Release|Any CPU
		{C4006E51-F0C6-47A5-B9A1-D8D31222783D}.Release|Any CPU.Build.0 = Release|Any CPU
		{46DEB857-3C82-47A7-92E2-7E0C016C9198}.Debug|Any CPU.ActiveCfg = Debug|Any CPU
		{46DEB857-3C82-47A7-92E2-7E0C016C9198}.Debug|Any CPU.Build.0 = Debug|Any CPU
		{46DEB857-3C82-47A7-92E2-7E0C016C9198}.Release|Any CPU.ActiveCfg = Release|Any CPU
		{46DEB857-3C82-47A7-92E2-7E0C016C9198}.Release|Any CPU.Build.0 = Release|Any CPU
	EndGlobalSection
	GlobalSection(SolutionProperties) = preSolution
		HideSolutionNode = FALSE
	EndGlobalSection
	GlobalSection(ExtensibilityGlobals) = postSolution
		SolutionGuid = {CE784E85-CB03-4214-8DAE-B4E1D73B5719}
	EndGlobalSection
EndGlobal
