
Microsoft Visual Studio Solution File, Format Version 12.00
# Visual Studio Version 17
VisualStudioVersion = 17.14.36301.6 d17.14
MinimumVisualStudioVersion = 10.0.40219.1
Project("{FAE04EC0-301F-11D3-BF4B-00C04F79EFBC}") = "OpenAI_CSharpAPI", "OpenAI_CSharpAPI\OpenAI_CSharpAPI.csproj", "{203F9083-DAFB-46A9-B99E-CFF1A5C53AFB}"
EndProject
Global
	GlobalSection(SolutionConfigurationPlatforms) = preSolution
		Debug|Any CPU = Debug|Any CPU
		Release|Any CPU = Release|Any CPU
	EndGlobalSection
	GlobalSection(ProjectConfigurationPlatforms) = postSolution
		{203F9083-DAFB-46A9-B99E-CFF1A5C53AFB}.Debug|Any CPU.ActiveCfg = Debug|Any CPU
		{203F9083-DAFB-46A9-B99E-CFF1A5C53AFB}.Debug|Any CPU.Build.0 = Debug|Any CPU
		{203F9083-DAFB-46A9-B99E-CFF1A5C53AFB}.Release|Any CPU.ActiveCfg = Release|Any CPU
		{203F9083-DAFB-46A9-B99E-CFF1A5C53AFB}.Release|Any CPU.Build.0 = Release|Any CPU
	EndGlobalSection
	GlobalSection(SolutionProperties) = preSolution
		HideSolutionNode = FALSE
	EndGlobalSection
	GlobalSection(ExtensibilityGlobals) = postSolution
		SolutionGuid = {C91DD270-83BA-4A38-9C98-DE9B14E53CF2}
	EndGlobalSection
EndGlobal
