
Microsoft Visual Studio Solution File, Format Version 12.00
# Visual Studio Version 17
VisualStudioVersion = 17.14.36301.6 d17.14
MinimumVisualStudioVersion = 10.0.40219.1
Project("{FAE04EC0-301F-11D3-BF4B-00C04F79EFBC}") = "ImageAnalysisDetaied", "ImageAnalysisDetaied\ImageAnalysisDetaied.csproj", "{534B6E4C-2B61-4EE2-B1B7-6F978DFEC19E}"
EndProject
Global
	GlobalSection(SolutionConfigurationPlatforms) = preSolution
		Debug|Any CPU = Debug|Any CPU
		Release|Any CPU = Release|Any CPU
	EndGlobalSection
	GlobalSection(ProjectConfigurationPlatforms) = postSolution
		{534B6E4C-2B61-4EE2-B1B7-6F978DFEC19E}.Debug|Any CPU.ActiveCfg = Debug|Any CPU
		{534B6E4C-2B61-4EE2-B1B7-6F978DFEC19E}.Debug|Any CPU.Build.0 = Debug|Any CPU
		{534B6E4C-2B61-4EE2-B1B7-6F978DFEC19E}.Release|Any CPU.ActiveCfg = Release|Any CPU
		{534B6E4C-2B61-4EE2-B1B7-6F978DFEC19E}.Release|Any CPU.Build.0 = Release|Any CPU
	EndGlobalSection
	GlobalSection(SolutionProperties) = preSolution
		HideSolutionNode = FALSE
	EndGlobalSection
	GlobalSection(ExtensibilityGlobals) = postSolution
		SolutionGuid = {6A5E5E34-A398-4344-B714-6651FC3456B7}
	EndGlobalSection
EndGlobal
