
Microsoft Visual Studio Solution File, Format Version 12.00
# Visual Studio Version 17
VisualStudioVersion = 17.14.36301.6 d17.14
MinimumVisualStudioVersion = 10.0.40219.1
Project("{FAE04EC0-301F-11D3-BF4B-00C04F79EFBC}") = "ImageCreationApp", "ImageCreationApp\ImageCreationApp.csproj", "{843918BA-C518-44EE-9105-A8FCA1488913}"
EndProject
Global
	GlobalSection(SolutionConfigurationPlatforms) = preSolution
		Debug|Any CPU = Debug|Any CPU
		Release|Any CPU = Release|Any CPU
	EndGlobalSection
	GlobalSection(ProjectConfigurationPlatforms) = postSolution
		{843918BA-C518-44EE-9105-A8FCA1488913}.Debug|Any CPU.ActiveCfg = Debug|Any CPU
		{843918BA-C518-44EE-9105-A8FCA1488913}.Debug|Any CPU.Build.0 = Debug|Any CPU
		{843918BA-C518-44EE-9105-A8FCA1488913}.Release|Any CPU.ActiveCfg = Release|Any CPU
		{843918BA-C518-44EE-9105-A8FCA1488913}.Release|Any CPU.Build.0 = Release|Any CPU
	EndGlobalSection
	GlobalSection(SolutionProperties) = preSolution
		HideSolutionNode = FALSE
	EndGlobalSection
	GlobalSection(ExtensibilityGlobals) = postSolution
		SolutionGuid = {DE2D8142-0F57-4083-AF02-DE83DFECD940}
	EndGlobalSection
EndGlobal
